
Microsoft Visual Studio Solution File, Format Version 12.00
# Visual Studio Version 16
VisualStudioVersion = 16.0.30523.141
MinimumVisualStudioVersion = 10.0.40219.1
Project("{FAE04EC0-301F-11D3-BF4B-00C04F79EFBC}") = "GradingLog", "GradingLog\GradingLog.csproj", "{CA816BB0-D476-42BB-985F-9E01AF6AEE72}"
EndProject
Global
	GlobalSection(SolutionConfigurationPlatforms) = preSolution
		Debug|Any CPU = Debug|Any CPU
		Release|Any CPU = Release|Any CPU
	EndGlobalSection
	GlobalSection(ProjectConfigurationPlatforms) = postSolution
		{CA816BB0-D476-42BB-985F-9E01AF6AEE72}.Debug|Any CPU.ActiveCfg = Debug|Any CPU
		{CA816BB0-D476-42BB-985F-9E01AF6AEE72}.Debug|Any CPU.Build.0 = Debug|Any CPU
		{CA816BB0-D476-42BB-985F-9E01AF6AEE72}.Release|Any CPU.ActiveCfg = Release|Any CPU
		{CA816BB0-D476-42BB-985F-9E01AF6AEE72}.Release|Any CPU.Build.0 = Release|Any CPU
	EndGlobalSection
	GlobalSection(SolutionProperties) = preSolution
		HideSolutionNode = FALSE
	EndGlobalSection
	GlobalSection(ExtensibilityGlobals) = postSolution
		SolutionGuid = {E431027E-EFA5-43F0-980C-2BBBB1D9B1B5}
	EndGlobalSection
EndGlobal
